{
  "version": "3",
  "packages": {
    "specifiers": {
      "jsr:@std/assert@^1.0.2": "jsr:@std/assert@1.0.2",
      "jsr:@std/internal@^1.0.1": "jsr:@std/internal@1.0.1"
    },
    "jsr": {
      "@std/assert@1.0.2": {
        "integrity": "ccacec332958126deaceb5c63ff8b4eaf9f5ed0eac9feccf124110435e59e49c",
        "dependencies": [
          "jsr:@std/internal@^1.0.1"
        ]
      },
      "@std/internal@1.0.1": {
        "integrity": "6f8c7544d06a11dd256c8d6ba54b11ed870aac6c5aeafff499892662c57673e6"
      }
    }
  },
  "remote": {},
  "workspace": {
    "dependencies": [
      "jsr:@std/assert@^1.0.2"
    ],
    "packageJson": {
      "dependencies": [
        "npm:@eslint/js@^9.9.0",
        "npm:@types/eslint__js@^8.42.3",
        "npm:eslint@^9.9.0",
        "npm:rollup-plugin-dts@^6.1.1",
        "npm:rollup-plugin-esbuild@^6.1.1",
        "npm:rollup@^4.21.0",
        "npm:typedoc-plugin-markdown@^4.2.5",
        "npm:typedoc@^0.26.5",
        "npm:typescript-eslint@^8.1.0",
        "npm:typescript@^5.5.4"
      ]
    }
  }
}
